
Microsoft Visual Studio Solution File, Format Version 12.00
# Visual Studio 15
VisualStudioVersion = 15.0.28307.329
MinimumVisualStudioVersion = 10.0.40219.1
Project("{FAE04EC0-301F-11D3-BF4B-00C04F79EFBC}") = "Exercice TP 1", "Exercice TP 1\Exercice TP 1.csproj", "{5F2F0FB1-88F8-4115-94F3-B874AF73CB96}"
EndProject
Global
	GlobalSection(SolutionConfigurationPlatforms) = preSolution
		Debug|Any CPU = Debug|Any CPU
		Release|Any CPU = Release|Any CPU
	EndGlobalSection
	GlobalSection(ProjectConfigurationPlatforms) = postSolution
		{5F2F0FB1-88F8-4115-94F3-B874AF73CB96}.Debug|Any CPU.ActiveCfg = Debug|Any CPU
		{5F2F0FB1-88F8-4115-94F3-B874AF73CB96}.Debug|Any CPU.Build.0 = Debug|Any CPU
		{5F2F0FB1-88F8-4115-94F3-B874AF73CB96}.Release|Any CPU.ActiveCfg = Release|Any CPU
		{5F2F0FB1-88F8-4115-94F3-B874AF73CB96}.Release|Any CPU.Build.0 = Release|Any CPU
	EndGlobalSection
	GlobalSection(SolutionProperties) = preSolution
		HideSolutionNode = FALSE
	EndGlobalSection
	GlobalSection(ExtensibilityGlobals) = postSolution
		SolutionGuid = {9A91F4AA-556E-4C37-B0C2-4FE8CF13B4AD}
	EndGlobalSection
EndGlobal
